
Microsoft Visual Studio Solution File, Format Version 12.00
# Visual Studio Version 16
VisualStudioVersion = 16.0.30517.126
MinimumVisualStudioVersion = 10.0.40219.1
Project("{9A19103F-16F7-4668-BE54-9A1E7A4F7556}") = "EshopMika", "EshopMika.csproj", "{312F3B0D-350A-4917-9E5F-21A7D68E3C64}"
EndProject
Project("{9A19103F-16F7-4668-BE54-9A1E7A4F7556}") = "Administration", "..\Administration\Administration.csproj", "{A6AE3428-21D1-4A81-B463-4ACB72696CD4}"
EndProject
Project("{FAE04EC0-301F-11D3-BF4B-00C04F79EFBC}") = "Models", "..\Models\Models.csproj", "{B2AA6EA5-D27C-418E-8F2D-618868D31FCC}"
EndProject
Global
	GlobalSection(SolutionConfigurationPlatforms) = preSolution
		Debug|Any CPU = Debug|Any CPU
		Release|Any CPU = Release|Any CPU
	EndGlobalSection
	GlobalSection(ProjectConfigurationPlatforms) = postSolution
		{312F3B0D-350A-4917-9E5F-21A7D68E3C64}.Debug|Any CPU.ActiveCfg = Debug|Any CPU
		{312F3B0D-350A-4917-9E5F-21A7D68E3C64}.Debug|Any CPU.Build.0 = Debug|Any CPU
		{312F3B0D-350A-4917-9E5F-21A7D68E3C64}.Release|Any CPU.ActiveCfg = Release|Any CPU
		{312F3B0D-350A-4917-9E5F-21A7D68E3C64}.Release|Any CPU.Build.0 = Release|Any CPU
		{A6AE3428-21D1-4A81-B463-4ACB72696CD4}.Debug|Any CPU.ActiveCfg = Debug|Any CPU
		{A6AE3428-21D1-4A81-B463-4ACB72696CD4}.Debug|Any CPU.Build.0 = Debug|Any CPU
		{A6AE3428-21D1-4A81-B463-4ACB72696CD4}.Release|Any CPU.ActiveCfg = Release|Any CPU
		{A6AE3428-21D1-4A81-B463-4ACB72696CD4}.Release|Any CPU.Build.0 = Release|Any CPU
		{B2AA6EA5-D27C-418E-8F2D-618868D31FCC}.Debug|Any CPU.ActiveCfg = Debug|Any CPU
		{B2AA6EA5-D27C-418E-8F2D-618868D31FCC}.Debug|Any CPU.Build.0 = Debug|Any CPU
		{B2AA6EA5-D27C-418E-8F2D-618868D31FCC}.Release|Any CPU.ActiveCfg = Release|Any CPU
		{B2AA6EA5-D27C-418E-8F2D-618868D31FCC}.Release|Any CPU.Build.0 = Release|Any CPU
	EndGlobalSection
	GlobalSection(SolutionProperties) = preSolution
		HideSolutionNode = FALSE
	EndGlobalSection
	GlobalSection(ExtensibilityGlobals) = postSolution
		SolutionGuid = {13DFBCF9-7EBE-4B0A-98F7-68EE783BF995}
	EndGlobalSection
EndGlobal
